
Microsoft Visual Studio Solution File, Format Version 12.00
# Visual Studio Version 16
VisualStudioVersion = 16.0.29123.88
MinimumVisualStudioVersion = 10.0.40219.1
Project("{FAE04EC0-301F-11D3-BF4B-00C04F79EFBC}") = "CapaDiseño_Inv_Reportes", "CapaDiseño_Inv_Reportes\CapaDiseño_Inv_Reportes.csproj", "{273747D7-5769-4970-9415-22011F50E341}"
EndProject
Project("{FAE04EC0-301F-11D3-BF4B-00C04F79EFBC}") = "CapaDatos_Inv_Reportes", "CapaDatos_Inv_Reportes\CapaDatos_Inv_Reportes.csproj", "{C450613A-0E61-4C5F-AA19-B7BBD7A968BC}"
EndProject
Project("{FAE04EC0-301F-11D3-BF4B-00C04F79EFBC}") = "CapaLogica_Inv_Reportes", "CapaLogica_Inv_Reportes\CapaLogica_Inv_Reportes.csproj", "{9F0C985F-4F5A-4C03-A6EA-F48B9BE0BD06}"
EndProject
Global
	GlobalSection(SolutionConfigurationPlatforms) = preSolution
		Debug|Any CPU = Debug|Any CPU
		Release|Any CPU = Release|Any CPU
	EndGlobalSection
	GlobalSection(ProjectConfigurationPlatforms) = postSolution
		{273747D7-5769-4970-9415-22011F50E341}.Debug|Any CPU.ActiveCfg = Debug|Any CPU
		{273747D7-5769-4970-9415-22011F50E341}.Debug|Any CPU.Build.0 = Debug|Any CPU
		{273747D7-5769-4970-9415-22011F50E341}.Release|Any CPU.ActiveCfg = Release|Any CPU
		{273747D7-5769-4970-9415-22011F50E341}.Release|Any CPU.Build.0 = Release|Any CPU
		{C450613A-0E61-4C5F-AA19-B7BBD7A968BC}.Debug|Any CPU.ActiveCfg = Debug|Any CPU
		{C450613A-0E61-4C5F-AA19-B7BBD7A968BC}.Debug|Any CPU.Build.0 = Debug|Any CPU
		{C450613A-0E61-4C5F-AA19-B7BBD7A968BC}.Release|Any CPU.ActiveCfg = Release|Any CPU
		{C450613A-0E61-4C5F-AA19-B7BBD7A968BC}.Release|Any CPU.Build.0 = Release|Any CPU
		{9F0C985F-4F5A-4C03-A6EA-F48B9BE0BD06}.Debug|Any CPU.ActiveCfg = Debug|Any CPU
		{9F0C985F-4F5A-4C03-A6EA-F48B9BE0BD06}.Debug|Any CPU.Build.0 = Debug|Any CPU
		{9F0C985F-4F5A-4C03-A6EA-F48B9BE0BD06}.Release|Any CPU.ActiveCfg = Release|Any CPU
		{9F0C985F-4F5A-4C03-A6EA-F48B9BE0BD06}.Release|Any CPU.Build.0 = Release|Any CPU
	EndGlobalSection
	GlobalSection(SolutionProperties) = preSolution
		HideSolutionNode = FALSE
	EndGlobalSection
	GlobalSection(ExtensibilityGlobals) = postSolution
		SolutionGuid = {E7E89275-2DE0-46CC-908A-9DCBEA91A426}
	EndGlobalSection
EndGlobal
