
Microsoft Visual Studio Solution File, Format Version 12.00
# Visual Studio 15
VisualStudioVersion = 15.0.28307.757
MinimumVisualStudioVersion = 10.0.40219.1
Project("{FAE04EC0-301F-11D3-BF4B-00C04F79EFBC}") = "MDI_INVENTARIO", "MDI_INVENTARIO\MDI_INVENTARIO.csproj", "{DCBF4E09-ADCA-4061-8304-1CA15C8C6FF3}"
EndProject
Global
	GlobalSection(SolutionConfigurationPlatforms) = preSolution
		Debug|Any CPU = Debug|Any CPU
		Release|Any CPU = Release|Any CPU
	EndGlobalSection
	GlobalSection(ProjectConfigurationPlatforms) = postSolution
		{DCBF4E09-ADCA-4061-8304-1CA15C8C6FF3}.Debug|Any CPU.ActiveCfg = Debug|Any CPU
		{DCBF4E09-ADCA-4061-8304-1CA15C8C6FF3}.Debug|Any CPU.Build.0 = Debug|Any CPU
		{DCBF4E09-ADCA-4061-8304-1CA15C8C6FF3}.Release|Any CPU.ActiveCfg = Release|Any CPU
		{DCBF4E09-ADCA-4061-8304-1CA15C8C6FF3}.Release|Any CPU.Build.0 = Release|Any CPU
	EndGlobalSection
	GlobalSection(SolutionProperties) = preSolution
		HideSolutionNode = FALSE
	EndGlobalSection
	GlobalSection(ExtensibilityGlobals) = postSolution
		SolutionGuid = {587B6ACC-4A6B-4357-B50F-05A44B2D4006}
	EndGlobalSection
EndGlobal
