
Microsoft Visual Studio Solution File, Format Version 12.00
# Visual Studio Version 16
VisualStudioVersion = 16.0.29503.13
MinimumVisualStudioVersion = 10.0.40219.1
Project("{FAE04EC0-301F-11D3-BF4B-00C04F79EFBC}") = "CapaDiseno", "CapaDiseno\CapaDiseno.csproj", "{D51F18DC-D477-4A11-8859-8B13050BF73D}"
EndProject
Project("{FAE04EC0-301F-11D3-BF4B-00C04F79EFBC}") = "CapaControl", "CapaControl\CapaControl.csproj", "{93368277-F127-4901-BC97-F0E08FAF0815}"
EndProject
Project("{FAE04EC0-301F-11D3-BF4B-00C04F79EFBC}") = "CapaDatos", "CapaDatos\CapaDatos.csproj", "{945B248A-A9FA-4105-B0E3-6152C594293E}"
EndProject
Global
	GlobalSection(SolutionConfigurationPlatforms) = preSolution
		Debug|Any CPU = Debug|Any CPU
		Release|Any CPU = Release|Any CPU
	EndGlobalSection
	GlobalSection(ProjectConfigurationPlatforms) = postSolution
		{D51F18DC-D477-4A11-8859-8B13050BF73D}.Debug|Any CPU.ActiveCfg = Debug|Any CPU
		{D51F18DC-D477-4A11-8859-8B13050BF73D}.Debug|Any CPU.Build.0 = Debug|Any CPU
		{D51F18DC-D477-4A11-8859-8B13050BF73D}.Release|Any CPU.ActiveCfg = Release|Any CPU
		{D51F18DC-D477-4A11-8859-8B13050BF73D}.Release|Any CPU.Build.0 = Release|Any CPU
		{93368277-F127-4901-BC97-F0E08FAF0815}.Debug|Any CPU.ActiveCfg = Debug|Any CPU
		{93368277-F127-4901-BC97-F0E08FAF0815}.Debug|Any CPU.Build.0 = Debug|Any CPU
		{93368277-F127-4901-BC97-F0E08FAF0815}.Release|Any CPU.ActiveCfg = Release|Any CPU
		{93368277-F127-4901-BC97-F0E08FAF0815}.Release|Any CPU.Build.0 = Release|Any CPU
		{945B248A-A9FA-4105-B0E3-6152C594293E}.Debug|Any CPU.ActiveCfg = Debug|Any CPU
		{945B248A-A9FA-4105-B0E3-6152C594293E}.Debug|Any CPU.Build.0 = Debug|Any CPU
		{945B248A-A9FA-4105-B0E3-6152C594293E}.Release|Any CPU.ActiveCfg = Release|Any CPU
		{945B248A-A9FA-4105-B0E3-6152C594293E}.Release|Any CPU.Build.0 = Release|Any CPU
	EndGlobalSection
	GlobalSection(SolutionProperties) = preSolution
		HideSolutionNode = FALSE
	EndGlobalSection
	GlobalSection(ExtensibilityGlobals) = postSolution
		SolutionGuid = {29A98561-6CED-4E9B-B611-A2D127E578FB}
	EndGlobalSection
EndGlobal
